{
  "name": "paytm-payment",
  "version": "0.0.1",
  "lockfileVersion": 1,
  "requires": true,
  "dependencies": {
    "accepts": {
      "version": "1.2.13",
      "resolved": "https://registry.npmjs.org/accepts/-/accepts-1.2.13.tgz",
      "integrity": "sha1-5fHzkoxtlf2WVYw27D2dDeSm7Oo=",
      "requires": {
        "mime-types": "2.1.10",
        "negotiator": "0.5.3"
      }
    },
    "append-field": {
      "version": "0.1.0",
      "resolved": "https://registry.npmjs.org/append-field/-/append-field-0.1.0.tgz",
      "integrity": "sha1-bdxY+gg8e8VF08WZWygwzCNm1Eo="
    },
    "array-flatten": {
      "version": "1.1.1",
      "resolved": "https://registry.npmjs.org/array-flatten/-/array-flatten-1.1.1.tgz",
      "integrity": "sha1-ml9pkFGx5wczKPKgCJaLZOopVdI="
    },
    "async": {
      "version": "1.5.2",
      "resolved": "https://registry.npmjs.org/async/-/async-1.5.2.tgz",
      "integrity": "sha1-7GphrlZIDAw8skHJVhjiCJL5Zyo="
    },
    "body-parser": {
      "version": "1.15.0",
      "resolved": "https://registry.npmjs.org/body-parser/-/body-parser-1.15.0.tgz",
      "integrity": "sha1-gWirrq+ed+MA97Ou9N9LRumyGzU=",
      "requires": {
        "bytes": "2.2.0",
        "content-type": "1.0.1",
        "debug": "2.2.0",
        "depd": "1.1.0",
        "http-errors": "1.4.0",
        "iconv-lite": "0.4.13",
        "on-finished": "2.3.0",
        "qs": "6.1.0",
        "raw-body": "2.1.5",
        "type-is": "1.6.11"
      },
      "dependencies": {
        "debug": {
          "version": "2.2.0",
          "resolved": "https://registry.npmjs.org/debug/-/debug-2.2.0.tgz",
          "integrity": "sha1-+HBX6ZWxofauaklgZkE3vFbwOdo=",
          "requires": {
            "ms": "0.7.1"
          }
        },
        "http-errors": {
          "version": "1.4.0",
          "resolved": "https://registry.npmjs.org/http-errors/-/http-errors-1.4.0.tgz",
          "integrity": "sha1-bAJC3qaz33r9oVPHEImzHG6Cqr8=",
          "requires": {
            "inherits": "2.0.1",
            "statuses": "1.2.1"
          }
        },
        "qs": {
          "version": "6.1.0",
          "resolved": "https://registry.npmjs.org/qs/-/qs-6.1.0.tgz",
          "integrity": "sha1-7B0WJrJCeNmfD99FSeUk4k7O6yY="
        }
      }
    },
    "busboy": {
      "version": "0.2.12",
      "resolved": "https://registry.npmjs.org/busboy/-/busboy-0.2.12.tgz",
      "integrity": "sha1-vz8IDe3ofHKgKKOTgIHzsa3ws7o=",
      "requires": {
        "dicer": "0.2.5",
        "readable-stream": "1.1.13"
      }
    },
    "bytes": {
      "version": "2.2.0",
      "resolved": "https://registry.npmjs.org/bytes/-/bytes-2.2.0.tgz",
      "integrity": "sha1-/TVGSkA/b5EXwt42Cez/nK4ABYg="
    },
    "concat-stream": {
      "version": "1.5.1",
      "resolved": "https://registry.npmjs.org/concat-stream/-/concat-stream-1.5.1.tgz",
      "integrity": "sha1-87gKz54fSOOHXAaItBtsMWAu6hw=",
      "requires": {
        "inherits": "2.0.1",
        "readable-stream": "2.0.5",
        "typedarray": "0.0.6"
      },
      "dependencies": {
        "readable-stream": {
          "version": "2.0.5",
          "resolved": "https://registry.npmjs.org/readable-stream/-/readable-stream-2.0.5.tgz",
          "integrity": "sha1-okJvjc1FUcd6M/lu3yiGojyClmk=",
          "requires": {
            "core-util-is": "1.0.2",
            "inherits": "2.0.1",
            "isarray": "0.0.1",
            "process-nextick-args": "1.0.6",
            "string_decoder": "0.10.31",
            "util-deprecate": "1.0.2"
          }
        }
      }
    },
    "content-disposition": {
      "version": "0.5.1",
      "resolved": "https://registry.npmjs.org/content-disposition/-/content-disposition-0.5.1.tgz",
      "integrity": "sha1-h0dsamfI2qh+Muh2Ft+IO6f7Bxs="
    },
    "content-type": {
      "version": "1.0.1",
      "resolved": "https://registry.npmjs.org/content-type/-/content-type-1.0.1.tgz",
      "integrity": "sha1-oZ0iRzJ9wDgFDOYit6FU7FnF5gA="
    },
    "cookie": {
      "version": "0.1.5",
      "resolved": "https://registry.npmjs.org/cookie/-/cookie-0.1.5.tgz",
      "integrity": "sha1-armUiksa4hlSzSWIUwpHItQETXw="
    },
    "cookie-parser": {
      "version": "1.4.1",
      "resolved": "https://registry.npmjs.org/cookie-parser/-/cookie-parser-1.4.1.tgz",
      "integrity": "sha1-aw7mqN7CegY69C0YilkswdcrpPQ=",
      "requires": {
        "cookie": "0.2.3",
        "cookie-signature": "1.0.6"
      },
      "dependencies": {
        "cookie": {
          "version": "0.2.3",
          "resolved": "https://registry.npmjs.org/cookie/-/cookie-0.2.3.tgz",
          "integrity": "sha1-GllTavaFN6IReKATRvh8sFnSrlw="
        }
      }
    },
    "cookie-signature": {
      "version": "1.0.6",
      "resolved": "https://registry.npmjs.org/cookie-signature/-/cookie-signature-1.0.6.tgz",
      "integrity": "sha1-4wOogrNCzD7oylE6eZmXNNqzriw="
    },
    "core-util-is": {
      "version": "1.0.2",
      "resolved": "https://registry.npmjs.org/core-util-is/-/core-util-is-1.0.2.tgz",
      "integrity": "sha1-tf1UIgqivFq1eqtxQMlAdUUDwac="
    },
    "cron": {
      "version": "1.1.0",
      "resolved": "https://registry.npmjs.org/cron/-/cron-1.1.0.tgz",
      "integrity": "sha1-YehoxvGPmOi8uIvNern7j66QlFM=",
      "requires": {
        "moment-timezone": "0.3.1"
      },
      "dependencies": {
        "moment-timezone": {
          "version": "0.3.1",
          "resolved": "https://registry.npmjs.org/moment-timezone/-/moment-timezone-0.3.1.tgz",
          "integrity": "sha1-PvR4VrAtU7cYoQpewgI6opnge/U=",
          "requires": {
            "moment": "2.11.2"
          },
          "dependencies": {
            "moment": {
              "version": "2.11.2",
              "resolved": "https://registry.npmjs.org/moment/-/moment-2.11.2.tgz",
              "integrity": "sha1-h5aOX5WsA4wuQqyVnHWBnNP1KQE="
            }
          }
        }
      }
    },
    "debug": {
      "version": "3.1.0",
      "resolved": "https://registry.npmjs.org/debug/-/debug-3.1.0.tgz",
      "integrity": "sha512-OX8XqP7/1a9cqkxYw2yXss15f26NKWBpDXQd0/uK/KPqdQhxbPa994hnzjcE2VqQpDslf55723cKPUOGSmMY3g==",
      "requires": {
        "ms": "2.0.0"
      },
      "dependencies": {
        "ms": {
          "version": "2.0.0",
          "resolved": "https://registry.npmjs.org/ms/-/ms-2.0.0.tgz",
          "integrity": "sha1-VgiurfwAvmwpAd9fmGF4jeDVl8g="
        }
      }
    },
    "depd": {
      "version": "1.1.0",
      "resolved": "https://registry.npmjs.org/depd/-/depd-1.1.0.tgz",
      "integrity": "sha1-4b2Cxqq2ztlluXuIsX7T5SjKGMM="
    },
    "destroy": {
      "version": "1.0.4",
      "resolved": "https://registry.npmjs.org/destroy/-/destroy-1.0.4.tgz",
      "integrity": "sha1-l4hXRCxEdJ5CBmE+N5RiBYJqvYA="
    },
    "dicer": {
      "version": "0.2.5",
      "resolved": "https://registry.npmjs.org/dicer/-/dicer-0.2.5.tgz",
      "integrity": "sha1-WZbAhrszIYyBLAkL3cCc0S+stw8=",
      "requires": {
        "readable-stream": "1.1.13",
        "streamsearch": "0.1.2"
      }
    },
    "ee-first": {
      "version": "1.1.1",
      "resolved": "https://registry.npmjs.org/ee-first/-/ee-first-1.1.1.tgz",
      "integrity": "sha1-WQxhFWsK4vTwJVcyoViyZrxWsh0="
    },
    "ejs": {
      "version": "2.4.1",
      "resolved": "https://registry.npmjs.org/ejs/-/ejs-2.4.1.tgz",
      "integrity": "sha1-guFbGyoflIsYCXR2uivXxm9NFWY="
    },
    "escape-html": {
      "version": "1.0.3",
      "resolved": "https://registry.npmjs.org/escape-html/-/escape-html-1.0.3.tgz",
      "integrity": "sha1-Aljq5NPQwJdN4cFpGI7wBR0dGYg="
    },
    "etag": {
      "version": "1.7.0",
      "resolved": "https://registry.npmjs.org/etag/-/etag-1.7.0.tgz",
      "integrity": "sha1-A9MLX2fdbmMtKUXTDWZScxo01dg="
    },
    "express": {
      "version": "4.13.4",
      "resolved": "https://registry.npmjs.org/express/-/express-4.13.4.tgz",
      "integrity": "sha1-PAt288d1kMg0VzkGHsC9O6Bn7CQ=",
      "requires": {
        "accepts": "1.2.13",
        "array-flatten": "1.1.1",
        "content-disposition": "0.5.1",
        "content-type": "1.0.1",
        "cookie": "0.1.5",
        "cookie-signature": "1.0.6",
        "debug": "2.2.0",
        "depd": "1.1.0",
        "escape-html": "1.0.3",
        "etag": "1.7.0",
        "finalhandler": "0.4.1",
        "fresh": "0.3.0",
        "merge-descriptors": "1.0.1",
        "methods": "1.1.2",
        "on-finished": "2.3.0",
        "parseurl": "1.3.1",
        "path-to-regexp": "0.1.7",
        "proxy-addr": "1.0.10",
        "qs": "4.0.0",
        "range-parser": "1.0.3",
        "send": "0.13.1",
        "serve-static": "1.10.2",
        "type-is": "1.6.11",
        "utils-merge": "1.0.0",
        "vary": "1.0.1"
      },
      "dependencies": {
        "debug": {
          "version": "2.2.0",
          "resolved": "https://registry.npmjs.org/debug/-/debug-2.2.0.tgz",
          "integrity": "sha1-+HBX6ZWxofauaklgZkE3vFbwOdo=",
          "requires": {
            "ms": "0.7.1"
          }
        }
      }
    },
    "express-myconnection": {
      "version": "1.0.4",
      "resolved": "https://registry.npmjs.org/express-myconnection/-/express-myconnection-1.0.4.tgz",
      "integrity": "sha1-h3YEn7+fJiIJz/21NbfHUJcz/1U="
    },
    "express-redirect": {
      "version": "1.2.2",
      "resolved": "https://registry.npmjs.org/express-redirect/-/express-redirect-1.2.2.tgz",
      "integrity": "sha1-bfmOme4WyioafW5LtmPda/h+WZw=",
      "requires": {
        "sanitize-arguments": "2.0.3"
      }
    },
    "finalhandler": {
      "version": "0.4.1",
      "resolved": "https://registry.npmjs.org/finalhandler/-/finalhandler-0.4.1.tgz",
      "integrity": "sha1-haF8bFmpRxfSYtYSMNSw6+PUoU0=",
      "requires": {
        "debug": "2.2.0",
        "escape-html": "1.0.3",
        "on-finished": "2.3.0",
        "unpipe": "1.0.0"
      },
      "dependencies": {
        "debug": {
          "version": "2.2.0",
          "resolved": "https://registry.npmjs.org/debug/-/debug-2.2.0.tgz",
          "integrity": "sha1-+HBX6ZWxofauaklgZkE3vFbwOdo=",
          "requires": {
            "ms": "0.7.1"
          }
        }
      }
    },
    "forwarded": {
      "version": "0.1.0",
      "resolved": "https://registry.npmjs.org/forwarded/-/forwarded-0.1.0.tgz",
      "integrity": "sha1-Ge+YdMSuHCl7zweP3mOgm2aoQ2M="
    },
    "fresh": {
      "version": "0.3.0",
      "resolved": "https://registry.npmjs.org/fresh/-/fresh-0.3.0.tgz",
      "integrity": "sha1-ZR+DjiJCTnVm3hYdg1jKoZn4PU8="
    },
    "http": {
      "version": "0.0.0",
      "resolved": "https://registry.npmjs.org/http/-/http-0.0.0.tgz",
      "integrity": "sha1-huYybSnF0Dnen6xYSkVon5KfT3I="
    },
    "http-errors": {
      "version": "1.3.1",
      "resolved": "https://registry.npmjs.org/http-errors/-/http-errors-1.3.1.tgz",
      "integrity": "sha1-GX4izevUGYWF6GlO9nhhl7ke2UI=",
      "requires": {
        "inherits": "2.0.1",
        "statuses": "1.2.1"
      }
    },
    "iconv-lite": {
      "version": "0.4.13",
      "resolved": "https://registry.npmjs.org/iconv-lite/-/iconv-lite-0.4.13.tgz",
      "integrity": "sha1-H4irpKsLFQjoMSrMOTRfNumS4vI="
    },
    "inherits": {
      "version": "2.0.1",
      "resolved": "https://registry.npmjs.org/inherits/-/inherits-2.0.1.tgz",
      "integrity": "sha1-sX0I0ya0Qj5Wjv9xn5GwscvfafE="
    },
    "ipaddr.js": {
      "version": "1.0.5",
      "resolved": "https://registry.npmjs.org/ipaddr.js/-/ipaddr.js-1.0.5.tgz",
      "integrity": "sha1-X6eM8wG4JceKvDBC2BJyMEnqI8c="
    },
    "isarray": {
      "version": "0.0.1",
      "resolved": "https://registry.npmjs.org/isarray/-/isarray-0.0.1.tgz",
      "integrity": "sha1-ihis/Kmo9Bd+Cav8YDiTmwXR7t8="
    },
    "media-typer": {
      "version": "0.3.0",
      "resolved": "https://registry.npmjs.org/media-typer/-/media-typer-0.3.0.tgz",
      "integrity": "sha1-hxDXrwqmJvj/+hzgAWhUUmMlV0g="
    },
    "merge-descriptors": {
      "version": "1.0.1",
      "resolved": "https://registry.npmjs.org/merge-descriptors/-/merge-descriptors-1.0.1.tgz",
      "integrity": "sha1-sAqqVW3YtEVoFQ7J0blT8/kMu2E="
    },
    "methods": {
      "version": "1.1.2",
      "resolved": "https://registry.npmjs.org/methods/-/methods-1.1.2.tgz",
      "integrity": "sha1-VSmk1nZUE07cxSZmVoNbD4Ua/O4="
    },
    "mime": {
      "version": "1.3.4",
      "resolved": "https://registry.npmjs.org/mime/-/mime-1.3.4.tgz",
      "integrity": "sha1-EV+eO2s9rylZmDyzjxSaLUDrXVM="
    },
    "mime-db": {
      "version": "1.22.0",
      "resolved": "https://registry.npmjs.org/mime-db/-/mime-db-1.22.0.tgz",
      "integrity": "sha1-qyOmNy3J2G09yRIb0OvTgQWhkEo="
    },
    "mime-types": {
      "version": "2.1.10",
      "resolved": "https://registry.npmjs.org/mime-types/-/mime-types-2.1.10.tgz",
      "integrity": "sha1-uTx8tDYuFtQQcqflRTj7TUMHCDc=",
      "requires": {
        "mime-db": "1.22.0"
      }
    },
    "minimist": {
      "version": "0.0.8",
      "resolved": "https://registry.npmjs.org/minimist/-/minimist-0.0.8.tgz",
      "integrity": "sha1-hX/Kv8M5fSYluCKCYuhqp6ARsF0="
    },
    "mkdirp": {
      "version": "0.5.1",
      "resolved": "https://registry.npmjs.org/mkdirp/-/mkdirp-0.5.1.tgz",
      "integrity": "sha1-MAV0OOrGz3+MR2fzhkjWaX11yQM=",
      "requires": {
        "minimist": "0.0.8"
      }
    },
    "ms": {
      "version": "0.7.1",
      "resolved": "https://registry.npmjs.org/ms/-/ms-0.7.1.tgz",
      "integrity": "sha1-nNE8A62/8ltl7/3nzoZO6VIBcJg="
    },
    "multer": {
      "version": "1.1.0",
      "resolved": "https://registry.npmjs.org/multer/-/multer-1.1.0.tgz",
      "integrity": "sha1-sy1TY0OVC/Ysbtp4F+cfc3ZRb+0=",
      "requires": {
        "append-field": "0.1.0",
        "busboy": "0.2.12",
        "concat-stream": "1.5.1",
        "mkdirp": "0.5.1",
        "object-assign": "3.0.0",
        "on-finished": "2.3.0",
        "type-is": "1.6.11",
        "xtend": "4.0.1"
      }
    },
    "mysql": {
      "version": "2.10.2",
      "resolved": "https://registry.npmjs.org/mysql/-/mysql-2.10.2.tgz",
      "integrity": "sha1-nuXkbwVrK6OnhAoQ6uNCb1k4QpI=",
      "requires": {
        "bignumber.js": "2.1.4",
        "readable-stream": "1.1.13"
      },
      "dependencies": {
        "bignumber.js": {
          "version": "2.1.4",
          "resolved": "https://registry.npmjs.org/bignumber.js/-/bignumber.js-2.1.4.tgz",
          "integrity": "sha1-KbO7aT27I46Ity6sL7iWUIiLLVk="
        },
        "readable-stream": {
          "version": "1.1.13",
          "resolved": "https://registry.npmjs.org/readable-stream/-/readable-stream-1.1.13.tgz",
          "integrity": "sha1-9u73ZPUUyJ4rniMUanW6EGdW0j4=",
          "requires": {
            "core-util-is": "1.0.2",
            "inherits": "2.0.1",
            "isarray": "0.0.1",
            "string_decoder": "0.10.31"
          },
          "dependencies": {
            "core-util-is": {
              "version": "1.0.2",
              "resolved": "https://registry.npmjs.org/core-util-is/-/core-util-is-1.0.2.tgz",
              "integrity": "sha1-tf1UIgqivFq1eqtxQMlAdUUDwac="
            },
            "inherits": {
              "version": "2.0.1",
              "resolved": "https://registry.npmjs.org/inherits/-/inherits-2.0.1.tgz",
              "integrity": "sha1-sX0I0ya0Qj5Wjv9xn5GwscvfafE="
            },
            "isarray": {
              "version": "0.0.1",
              "resolved": "https://registry.npmjs.org/isarray/-/isarray-0.0.1.tgz",
              "integrity": "sha1-ihis/Kmo9Bd+Cav8YDiTmwXR7t8="
            },
            "string_decoder": {
              "version": "0.10.31",
              "resolved": "https://registry.npmjs.org/string_decoder/-/string_decoder-0.10.31.tgz",
              "integrity": "sha1-YuIDvEF2bGwoyfyEMB2rHFMQ+pQ="
            }
          }
        }
      }
    },
    "negotiator": {
      "version": "0.5.3",
      "resolved": "https://registry.npmjs.org/negotiator/-/negotiator-0.5.3.tgz",
      "integrity": "sha1-Jp1cR2gQ7JLtvntsLygxY4T5p+g="
    },
    "nodemailer": {
      "version": "0.7.1",
      "resolved": "https://registry.npmjs.org/nodemailer/-/nodemailer-0.7.1.tgz",
      "integrity": "sha1-HsgZ4kNiIwCgCr50bLXTOJwPMWw=",
      "requires": {
        "aws-sdk": "2.0.5",
        "directmail": "0.1.8",
        "he": "0.3.6",
        "mailcomposer": "0.2.12",
        "public-address": "0.1.1",
        "readable-stream": "1.1.13",
        "simplesmtp": "0.3.35"
      },
      "dependencies": {
        "aws-sdk": {
          "version": "2.0.5",
          "resolved": "https://registry.npmjs.org/aws-sdk/-/aws-sdk-2.0.5.tgz",
          "integrity": "sha1-8+uxiY0GMre2Zy6Nd3KMu7afmMY=",
          "requires": {
            "aws-sdk-apis": "3.1.10",
            "xml2js": "0.2.6",
            "xmlbuilder": "0.4.2"
          },
          "dependencies": {
            "aws-sdk-apis": {
              "version": "3.1.10",
              "resolved": "https://registry.npmjs.org/aws-sdk-apis/-/aws-sdk-apis-3.1.10.tgz",
              "integrity": "sha1-Tu2X9ZChbPCA/RuNjP3yRy3oqw4="
            },
            "xml2js": {
              "version": "0.2.6",
              "resolved": "https://registry.npmjs.org/xml2js/-/xml2js-0.2.6.tgz",
              "integrity": "sha1-0gnE5N2h/JxFIUHvQcB39a399sQ=",
              "requires": {
                "sax": "0.4.2"
              },
              "dependencies": {
                "sax": {
                  "version": "0.4.2",
                  "resolved": "https://registry.npmjs.org/sax/-/sax-0.4.2.tgz",
                  "integrity": "sha1-OfO2AXM9a+yXEFskKipA/Wl4rDw="
                }
              }
            },
            "xmlbuilder": {
              "version": "0.4.2",
              "resolved": "https://registry.npmjs.org/xmlbuilder/-/xmlbuilder-0.4.2.tgz",
              "integrity": "sha1-F3bWXz/brUcKCNhgTN6xxOVA/4M="
            }
          }
        },
        "directmail": {
          "version": "0.1.8",
          "resolved": "https://registry.npmjs.org/directmail/-/directmail-0.1.8.tgz",
          "integrity": "sha1-5IUsigxVGb70kE/Nltdggi9CpEY=",
          "requires": {
            "simplesmtp": "0.3.35"
          }
        },
        "he": {
          "version": "0.3.6",
          "resolved": "https://registry.npmjs.org/he/-/he-0.3.6.tgz",
          "integrity": "sha1-nXvERud5Y5MzAd1gLVcxy4YRNeA="
        },
        "mailcomposer": {
          "version": "0.2.12",
          "resolved": "https://registry.npmjs.org/mailcomposer/-/mailcomposer-0.2.12.tgz",
          "integrity": "sha1-TQKmBGFq3LRfs203UT9MG9C3VoE=",
          "requires": {
            "dkim-signer": "0.1.2",
            "follow-redirects": "0.0.3",
            "he": "0.3.6",
            "mime": "1.2.11",
            "mimelib": "0.2.19"
          },
          "dependencies": {
            "dkim-signer": {
              "version": "0.1.2",
              "resolved": "https://registry.npmjs.org/dkim-signer/-/dkim-signer-0.1.2.tgz",
              "integrity": "sha1-L/XWHIfY+/9aixMc/8XsO6HCVVM=",
              "requires": {
                "mimelib": "0.2.19",
                "punycode": "1.2.4"
              },
              "dependencies": {
                "punycode": {
                  "version": "1.2.4",
                  "resolved": "https://registry.npmjs.org/punycode/-/punycode-1.2.4.tgz",
                  "integrity": "sha1-VACKyXKux0F13vnLpt9/qdORh0A="
                }
              }
            },
            "follow-redirects": {
              "version": "0.0.3",
              "resolved": "https://registry.npmjs.org/follow-redirects/-/follow-redirects-0.0.3.tgz",
              "integrity": "sha1-bOZ6JNsf4T8ibBFxpyp+8rF7j2U=",
              "requires": {
                "underscore": "1.9.0"
              },
              "dependencies": {
                "underscore": {
                  "version": "1.9.0",
                  "resolved": "https://registry.npmjs.org/underscore/-/underscore-1.9.0.tgz",
                  "integrity": "sha512-4IV1DSSxC1QK48j9ONFK1MoIAKKkbE8i7u55w2R6IqBqbT7A/iG7aZBCR2Bi8piF0Uz+i/MG1aeqLwl/5vqF+A=="
                }
              }
            },
            "mime": {
              "version": "1.2.11",
              "resolved": "https://registry.npmjs.org/mime/-/mime-1.2.11.tgz",
              "integrity": "sha1-WCA+7Ybjpe8XrtK32evUfwpg3RA="
            },
            "mimelib": {
              "version": "0.2.19",
              "resolved": "https://registry.npmjs.org/mimelib/-/mimelib-0.2.19.tgz",
              "integrity": "sha1-N+yQpqx9AJVIUdCywxYY8KSdoO4=",
              "requires": {
                "addressparser": "0.3.2",
                "encoding": "0.1.12"
              },
              "dependencies": {
                "addressparser": {
                  "version": "0.3.2",
                  "resolved": "https://registry.npmjs.org/addressparser/-/addressparser-0.3.2.tgz",
                  "integrity": "sha1-WYc/Nej89sc2HBAjkmHXbhU0i7I="
                },
                "encoding": {
                  "version": "0.1.12",
                  "resolved": "https://registry.npmjs.org/encoding/-/encoding-0.1.12.tgz",
                  "integrity": "sha1-U4tm8+5izRq1HsMjgp0flIDHS+s=",
                  "requires": {
                    "iconv-lite": "0.4.13"
                  },
                  "dependencies": {
                    "iconv-lite": {
                      "version": "0.4.13",
                      "resolved": "https://registry.npmjs.org/iconv-lite/-/iconv-lite-0.4.13.tgz",
                      "integrity": "sha1-H4irpKsLFQjoMSrMOTRfNumS4vI="
                    }
                  }
                }
              }
            }
          }
        },
        "public-address": {
          "version": "0.1.1",
          "resolved": "https://registry.npmjs.org/public-address/-/public-address-0.1.1.tgz",
          "integrity": "sha1-WL3qMjyIKHtpFBWTEkVLgEyp7q8="
        },
        "readable-stream": {
          "version": "1.1.13",
          "resolved": "https://registry.npmjs.org/readable-stream/-/readable-stream-1.1.13.tgz",
          "integrity": "sha1-9u73ZPUUyJ4rniMUanW6EGdW0j4=",
          "optional": true,
          "requires": {
            "core-util-is": "1.0.2",
            "inherits": "2.0.1",
            "isarray": "0.0.1",
            "string_decoder": "0.10.31"
          },
          "dependencies": {
            "core-util-is": {
              "version": "1.0.2",
              "resolved": "https://registry.npmjs.org/core-util-is/-/core-util-is-1.0.2.tgz",
              "integrity": "sha1-tf1UIgqivFq1eqtxQMlAdUUDwac=",
              "optional": true
            },
            "inherits": {
              "version": "2.0.1",
              "resolved": "https://registry.npmjs.org/inherits/-/inherits-2.0.1.tgz",
              "integrity": "sha1-sX0I0ya0Qj5Wjv9xn5GwscvfafE=",
              "optional": true
            },
            "isarray": {
              "version": "0.0.1",
              "resolved": "https://registry.npmjs.org/isarray/-/isarray-0.0.1.tgz",
              "integrity": "sha1-ihis/Kmo9Bd+Cav8YDiTmwXR7t8=",
              "optional": true
            },
            "string_decoder": {
              "version": "0.10.31",
              "resolved": "https://registry.npmjs.org/string_decoder/-/string_decoder-0.10.31.tgz",
              "integrity": "sha1-YuIDvEF2bGwoyfyEMB2rHFMQ+pQ=",
              "optional": true
            }
          }
        },
        "simplesmtp": {
          "version": "0.3.35",
          "resolved": "https://registry.npmjs.org/simplesmtp/-/simplesmtp-0.3.35.tgz",
          "integrity": "sha1-AXseuLJjF6w20qKoqTJjGIBzagM=",
          "requires": {
            "rai": "0.1.12",
            "xoauth2": "0.1.8"
          },
          "dependencies": {
            "rai": {
              "version": "0.1.12",
              "resolved": "https://registry.npmjs.org/rai/-/rai-0.1.12.tgz",
              "integrity": "sha1-jM/QFND5YIYw3XPBm45LBXdUpqY="
            },
            "xoauth2": {
              "version": "0.1.8",
              "resolved": "https://registry.npmjs.org/xoauth2/-/xoauth2-0.1.8.tgz",
              "integrity": "sha1-uRb/EOz7VDIPFvJKPpdRIGU6sNI="
            }
          }
        }
      }
    },
    "object-assign": {
      "version": "3.0.0",
      "resolved": "https://registry.npmjs.org/object-assign/-/object-assign-3.0.0.tgz",
      "integrity": "sha1-m+3VygiXlJvKR+f/QIBi1Un1h/I="
    },
    "on-finished": {
      "version": "2.3.0",
      "resolved": "https://registry.npmjs.org/on-finished/-/on-finished-2.3.0.tgz",
      "integrity": "sha1-IPEzZIGwg811M3mSoWlxqi2QaUc=",
      "requires": {
        "ee-first": "1.1.1"
      }
    },
    "parseurl": {
      "version": "1.3.1",
      "resolved": "https://registry.npmjs.org/parseurl/-/parseurl-1.3.1.tgz",
      "integrity": "sha1-yKuMkiO6NIiKpkopeyiFO+wY2lY="
    },
    "path-to-regexp": {
      "version": "0.1.7",
      "resolved": "https://registry.npmjs.org/path-to-regexp/-/path-to-regexp-0.1.7.tgz",
      "integrity": "sha1-32BBeABfUi8V60SQ5yR6G/qmf4w="
    },
    "process-nextick-args": {
      "version": "1.0.6",
      "resolved": "https://registry.npmjs.org/process-nextick-args/-/process-nextick-args-1.0.6.tgz",
      "integrity": "sha1-D5awAc6pCxJZLOVm7bl+wR5pvQU="
    },
    "proxy-addr": {
      "version": "1.0.10",
      "resolved": "https://registry.npmjs.org/proxy-addr/-/proxy-addr-1.0.10.tgz",
      "integrity": "sha1-DUCoL4Afw1VWfS7LZe/j8HfxIcU=",
      "requires": {
        "forwarded": "0.1.0",
        "ipaddr.js": "1.0.5"
      }
    },
    "qs": {
      "version": "4.0.0",
      "resolved": "https://registry.npmjs.org/qs/-/qs-4.0.0.tgz",
      "integrity": "sha1-wx2bdOwn33XlQ6hseHKO2NRiNgc="
    },
    "range-parser": {
      "version": "1.0.3",
      "resolved": "https://registry.npmjs.org/range-parser/-/range-parser-1.0.3.tgz",
      "integrity": "sha1-aHKCNTXGkuLCoBA4Jq/YLC4P8XU="
    },
    "raw-body": {
      "version": "2.1.5",
      "resolved": "https://registry.npmjs.org/raw-body/-/raw-body-2.1.5.tgz",
      "integrity": "sha1-i+jwnd79DXKtmdiDq38Mw1BCCVY=",
      "requires": {
        "bytes": "2.2.0",
        "iconv-lite": "0.4.13",
        "unpipe": "1.0.0"
      }
    },
    "readable-stream": {
      "version": "1.1.13",
      "resolved": "https://registry.npmjs.org/readable-stream/-/readable-stream-1.1.13.tgz",
      "integrity": "sha1-9u73ZPUUyJ4rniMUanW6EGdW0j4=",
      "requires": {
        "core-util-is": "1.0.2",
        "inherits": "2.0.1",
        "isarray": "0.0.1",
        "string_decoder": "0.10.31"
      }
    },
    "sanitize-arguments": {
      "version": "2.0.3",
      "resolved": "https://registry.npmjs.org/sanitize-arguments/-/sanitize-arguments-2.0.3.tgz",
      "integrity": "sha1-W9g0C81b8GDL7pp3YYbMcbuouE8="
    },
    "send": {
      "version": "0.13.1",
      "resolved": "https://registry.npmjs.org/send/-/send-0.13.1.tgz",
      "integrity": "sha1-ow1fTILIqbrprQCh2bG9vm8Zntc=",
      "requires": {
        "debug": "2.2.0",
        "depd": "1.1.0",
        "destroy": "1.0.4",
        "escape-html": "1.0.3",
        "etag": "1.7.0",
        "fresh": "0.3.0",
        "http-errors": "1.3.1",
        "mime": "1.3.4",
        "ms": "0.7.1",
        "on-finished": "2.3.0",
        "range-parser": "1.0.3",
        "statuses": "1.2.1"
      },
      "dependencies": {
        "debug": {
          "version": "2.2.0",
          "resolved": "https://registry.npmjs.org/debug/-/debug-2.2.0.tgz",
          "integrity": "sha1-+HBX6ZWxofauaklgZkE3vFbwOdo=",
          "requires": {
            "ms": "0.7.1"
          }
        }
      }
    },
    "serve-static": {
      "version": "1.10.2",
      "resolved": "https://registry.npmjs.org/serve-static/-/serve-static-1.10.2.tgz",
      "integrity": "sha1-/rgA0OciEk3QsAMzFgwW6cqovLM=",
      "requires": {
        "escape-html": "1.0.3",
        "parseurl": "1.3.1",
        "send": "0.13.1"
      }
    },
    "statuses": {
      "version": "1.2.1",
      "resolved": "https://registry.npmjs.org/statuses/-/statuses-1.2.1.tgz",
      "integrity": "sha1-3e1FzBglbVHtQK7BQkidXGECbSg="
    },
    "streamsearch": {
      "version": "0.1.2",
      "resolved": "https://registry.npmjs.org/streamsearch/-/streamsearch-0.1.2.tgz",
      "integrity": "sha1-gIudDlb8Jz2Am6VzOOkpkZoanxo="
    },
    "string_decoder": {
      "version": "0.10.31",
      "resolved": "https://registry.npmjs.org/string_decoder/-/string_decoder-0.10.31.tgz",
      "integrity": "sha1-YuIDvEF2bGwoyfyEMB2rHFMQ+pQ="
    },
    "type-is": {
      "version": "1.6.11",
      "resolved": "https://registry.npmjs.org/type-is/-/type-is-1.6.11.tgz",
      "integrity": "sha1-QuzeeXDyNjc4uYbANR77papTFkg=",
      "requires": {
        "media-typer": "0.3.0",
        "mime-types": "2.1.10"
      }
    },
    "typedarray": {
      "version": "0.0.6",
      "resolved": "https://registry.npmjs.org/typedarray/-/typedarray-0.0.6.tgz",
      "integrity": "sha1-hnrHTjhkGHsdPUfZlqeOxciDB3c="
    },
    "unpipe": {
      "version": "1.0.0",
      "resolved": "https://registry.npmjs.org/unpipe/-/unpipe-1.0.0.tgz",
      "integrity": "sha1-sr9O6FFKrmFltIF4KdIbLvSZBOw="
    },
    "util-deprecate": {
      "version": "1.0.2",
      "resolved": "https://registry.npmjs.org/util-deprecate/-/util-deprecate-1.0.2.tgz",
      "integrity": "sha1-RQ1Nyfpw3nMnYvvS1KKJgUGaDM8="
    },
    "utils-merge": {
      "version": "1.0.0",
      "resolved": "https://registry.npmjs.org/utils-merge/-/utils-merge-1.0.0.tgz",
      "integrity": "sha1-ApT7kiu5N1FTVBxPcJYjHyh8ivg="
    },
    "vary": {
      "version": "1.0.1",
      "resolved": "https://registry.npmjs.org/vary/-/vary-1.0.1.tgz",
      "integrity": "sha1-meSYFWaihhGN+yuBc1ffeZM3bRA="
    },
    "xtend": {
      "version": "4.0.1",
      "resolved": "https://registry.npmjs.org/xtend/-/xtend-4.0.1.tgz",
      "integrity": "sha1-pcbVMr5lbiPbgg77lDofBJmNY68="
    }
  }
}
